schema: '2.0'
stages:
  data_ingestion:
    cmd: python src/data/data_ingestion.py
    deps:
    - path: src/data/data_ingestion.py
      hash: md5
      md5: 8c2536714f7fd4260e7f11c890e5d086
      size: 4353
    params:
      params.yaml:
        data_ingestion.test_size: 0.2
    outs:
    - path: data/raw
      hash: md5
      md5: c90de5283c9161795f7f5a5b98a9be8a.dir
      size: 34260
      nfiles: 2
  data_preprocessing:
    cmd: python src/data/data_preprocessing.py
    deps:
    - path: data/raw/test.csv
      hash: md5
      md5: 608b45be4f092f9cb9d4973c152eeabd
      size: 8433
    - path: data/raw/train.csv
      hash: md5
      md5: 219f250271cad0f0055a4ef3b68e4aac
      size: 25827
    - path: src/data/data_preprocessing.py
      hash: md5
      md5: 0caf3d4322a07e68476124fa3cd75e24
      size: 3747
    outs:
    - path: data/interim/test_processed.csv
      hash: md5
      md5: 680f0b78b33e3da1dfa9c578bbc63f38
      size: 5912
    - path: data/interim/train_processed.csv
      hash: md5
      md5: eb3a65674cf79202ebcc53dcc977fe56
      size: 18999
  model_building:
    cmd: python src/model/model_building.py
    deps:
    - path: data/interim/train_processed.csv
      hash: md5
      md5: eb3a65674cf79202ebcc53dcc977fe56
      size: 18999
    - path: src/model/model_building.py
      hash: md5
      md5: 9a4cc00245a10b734ccedce855755f8c
      size: 5504
    params:
      params.yaml:
        model_building.learning_rate: 0.08
        model_building.max_depth: 20
        model_building.max_features: 1000
        model_building.n_estimators: 100
        model_building.ngram_range:
        - 1
        - 3
    outs:
    - path: lgbm_model.pkl
      hash: md5
      md5: 38a34083a64cbeec20196ce5d3e4b8a6
      size: 115756
    - path: tfidf_vectorizer.pkl
      hash: md5
      md5: 7eedd29788e7c9f365da290aa7c887b5
      size: 41280
  model_evaluation:
    cmd: python src/model/model_evaluation.py
    deps:
    - path: data/interim/test_processed.csv
      hash: md5
      md5: 680f0b78b33e3da1dfa9c578bbc63f38
      size: 5912
    - path: data/interim/train_processed.csv
      hash: md5
      md5: eb3a65674cf79202ebcc53dcc977fe56
      size: 18999
    - path: lgbm_model.pkl
      hash: md5
      md5: 38a34083a64cbeec20196ce5d3e4b8a6
      size: 115756
    - path: src/model/model_evaluation.py
      hash: md5
      md5: 522236277b9d8b81ee94a59bb28aa2f6
      size: 7152
    - path: tfidf_vectorizer.pkl
      hash: md5
      md5: 7eedd29788e7c9f365da290aa7c887b5
      size: 41280
    outs:
    - path: experiment_info.json
      hash: md5
      md5: 53c8bcc0280b77df50a44e7bf3742320
      size: 84
  model_registration:
    cmd: python src/model/register_model.py
    deps:
    - path: experiment_info.json
      hash: md5
      md5: 53c8bcc0280b77df50a44e7bf3742320
      size: 84
    - path: src/model/register_model.py
      hash: md5
      md5: b9cec734695a3aecae694f40c35c2c4c
      size: 2424
