schema: '2.0'
stages:
  data_ingestion:
    cmd: python src/data/data_ingestion.py
    deps:
    - path: src/data/data_ingestion.py
      hash: md5
      md5: d97e4e2fa3da9aab1ce89c69dcc4fc0d
      size: 4469
    params:
      params.yaml:
        data_ingestion.test_size: 0.25
    outs:
    - path: data/raw
      hash: md5
      md5: c61ff71f219d036e74af3d8f9f9b7467.dir
      size: 8191
      nfiles: 2
  data_preprocessing:
    cmd: python src/data/data_preprocessing.py
    deps:
    - path: data/raw/test.csv
      hash: md5
      md5: d949820980a0431fe8ae82cbd1fc926e
      size: 2125
    - path: data/raw/train.csv
      hash: md5
      md5: aa84ead9d79cfa867a4a86dd718fd0f1
      size: 6066
    - path: src/data/data_preprocessing.py
      hash: md5
      md5: 72ab680d346fb2c6543130ac26f90dd4
      size: 3856
    outs:
    - path: data/interim
      hash: md5
      md5: 288488d00500c495b34b5adeeaec6ddc.dir
      size: 5941
      nfiles: 2
  model_building:
    cmd: python src/model/model_building.py
    deps:
    - path: data/interim/train_processed.csv
      hash: md5
      md5: f57037a312d417b5c771612ade18815a
      size: 4375
    - path: src/model/model_building.py
      hash: md5
      md5: 3df6d1ac6c6e22ff9f19df8dbe39bc65
      size: 5662
    params:
      params.yaml:
        model_building.learning_rate: 0.08
        model_building.max_depth: 20
        model_building.max_features: 1000
        model_building.n_estimators: 100
        model_building.ngram_range:
        - 1
        - 3
    outs:
    - path: lgbm_model.pkl
      hash: md5
      md5: 7311ce7dd0aa26197cb6a2ef8b2448e2
      size: 21274
    - path: tfidf_vectorizer.pkl
      hash: md5
      md5: ba08e1eaea47f994be4f8e5ae8fd6c0b
      size: 43330
  model_evaluation:
    cmd: python src/model/model_evaluation.py
    deps:
    - path: data/interim/test_processed.csv
      hash: md5
      md5: 416eab34869f8ef570c1f1d5da1c031a
      size: 1566
    - path: data/interim/train_processed.csv
      hash: md5
      md5: f57037a312d417b5c771612ade18815a
      size: 4375
    - path: lgbm_model.pkl
      hash: md5
      md5: 7311ce7dd0aa26197cb6a2ef8b2448e2
      size: 21274
    - path: src/model/model_evaluation.py
      hash: md5
      md5: 1354d461887c2eace68db5f5fe5b15e1
      size: 4323
    - path: tfidf_vectorizer.pkl
      hash: md5
      md5: ba08e1eaea47f994be4f8e5ae8fd6c0b
      size: 43330
